// !$*UTF8*$!
{
	archiveVersion = 1;
	classes = {
	};
	objectVersion = 54;
	objects = {

/* Begin PBXBuildFile section */
		0211E50265F2C5B046357731 /* AddressManagementView.swift in Sources */ = {isa = PBXBuildFile; fileRef = 19702BA53F2034E546192291 /* AddressManagementView.swift */; };
		02C10D5505165C5B67A4128F /* DatabaseMigration.swift in Sources */ = {isa = PBXBuildFile; fileRef = BDA638F259176F2983DF97C5 /* DatabaseMigration.swift */; };
		13B07FBF1A68108700A75B9A /* Images.xcassets in Resources */ = {isa = PBXBuildFile; fileRef = 13B07FB51A68108700A75B9A /* Images.xcassets */; };
		283C430B5F05663C823BE1E6 /* ScamFilterView.swift in Sources */ = {isa = PBXBuildFile; fileRef = 2978E58F6EC378FD4ED20708 /* ScamFilterView.swift */; };
		2D537A6099D14291E6C8F1DA /* PerpsPopups.swift in Sources */ = {isa = PBXBuildFile; fileRef = C2A7E26404CFD4AEB86313F6 /* PerpsPopups.swift */; };
		2D6E91772AB9E71AED9AF437 /* BridgeHistoryView.swift in Sources */ = {isa = PBXBuildFile; fileRef = 03B6B010690DDDB82DC6E933 /* BridgeHistoryView.swift */; };
		33E9245247D2A1F84CEE9B61 /* DatabaseManager.swift in Sources */ = {isa = PBXBuildFile; fileRef = BE989102DA7F1C3BB2A06469 /* DatabaseManager.swift */; };
		36BC35FF15DE2AF53684AFE0 /* MessageApprovalView.swift in Sources */ = {isa = PBXBuildFile; fileRef = 6F63B8065B6623C55A30892E /* MessageApprovalView.swift */; };
		3BDF2D7039542D32F45893B5 /* PlaceholderImages.swift in Sources */ = {isa = PBXBuildFile; fileRef = BD915B806609482FFB6F99B8 /* PlaceholderImages.swift */; };
		449559CC7C28F65665C2C215 /* SlippageSettingsSheet.swift in Sources */ = {isa = PBXBuildFile; fileRef = 596CA16C2715FF6097B72FB8 /* SlippageSettingsSheet.swift */; };
		494881E4E62C2A9CFA5CB469 /* ConnectedSitesView.swift in Sources */ = {isa = PBXBuildFile; fileRef = 1970C4C0067B9D7CA46374D9 /* ConnectedSitesView.swift */; };
		4AB6461DD4018949E4F006C6 /* LendingView.swift in Sources */ = {isa = PBXBuildFile; fileRef = A0296DA0FCFC32C21FE631DE /* LendingView.swift */; };
		50BC59999D82DE613E791002 /* Pods_RabbyMobile.framework in Frameworks */ = {isa = PBXBuildFile; fileRef = 6F24FA29FB8D480C38DBB004 /* Pods_RabbyMobile.framework */; };
		5568CD494DAB4C4E1DE6C33C /* NFTApprovalView.swift in Sources */ = {isa = PBXBuildFile; fileRef = 4D91EF9A389E9CF9406C9BD7 /* NFTApprovalView.swift */; };
		59806CA9EF17DEA83FAF09D9 /* TokenChartView.swift in Sources */ = {isa = PBXBuildFile; fileRef = 396FE71FB73F7C8E545B6AA2 /* TokenChartView.swift */; };
		5F50998734BA705940505816 /* SecurityRuleDrawer.swift in Sources */ = {isa = PBXBuildFile; fileRef = 68CD69EB0CA5383F38087FDD /* SecurityRuleDrawer.swift */; };
		60E3DDBF5E4F5B707CDFB362 /* BridgeAggregatorSheet.swift in Sources */ = {isa = PBXBuildFile; fileRef = AA3DE8947F41334ADD07623D /* BridgeAggregatorSheet.swift */; };
		63D4E70A5B7A53A728F7D6A3 /* DAppBookmarkManager.swift in Sources */ = {isa = PBXBuildFile; fileRef = 3588F27EF77F1DAA6EFCBCE2 /* DAppBookmarkManager.swift */; };
		643E2FFF1C6F35533099D66E /* TokenSelectorSheet.swift in Sources */ = {isa = PBXBuildFile; fileRef = 235B95D1F3BD2D5A7BF163B4 /* TokenSelectorSheet.swift */; };
		69A277A481DF89785827A4F5 /* ChainSelectorSheet.swift in Sources */ = {isa = PBXBuildFile; fileRef = C07ED30D31450668F4E561A6 /* ChainSelectorSheet.swift */; };
		81AB9BB82411601600AC10FF /* LaunchScreen.storyboard in Resources */ = {isa = PBXBuildFile; fileRef = 81AB9BB72411601600AC10FF /* LaunchScreen.storyboard */; };
		8B519D466ED4B94785CE3AE8 /* EcologyView.swift in Sources */ = {isa = PBXBuildFile; fileRef = 0EDF6652BBD97E2C5097D8CC /* EcologyView.swift */; };
		8B8313DCC81EAD64F83AD7F5 /* DAppConnectSheet.swift in Sources */ = {isa = PBXBuildFile; fileRef = 3648353DF31717EE0A3F2260 /* DAppConnectSheet.swift */; };
		90CC3F199B9408A5EE0B056F /* TransactionDetailView.swift in Sources */ = {isa = PBXBuildFile; fileRef = 61297F01A3279C8E0377D6A6 /* TransactionDetailView.swift */; };
		97096D40E6FDDFC4644DFDFB /* HardwareSigningView.swift in Sources */ = {isa = PBXBuildFile; fileRef = ADB3F3CBB2655370D60FDA0B /* HardwareSigningView.swift */; };
		976A797B9D01C4208E43EBA2 /* SheetPresentationModifier.swift in Sources */ = {isa = PBXBuildFile; fileRef = A426BD41290BC02F4B6B2FF1 /* SheetPresentationModifier.swift */; };
		9A37BF14687AC8F8BBB3E3BA /* TypedDataApprovalView.swift in Sources */ = {isa = PBXBuildFile; fileRef = 32D61890A118299E9593B837 /* TypedDataApprovalView.swift */; };
		9C301312DAF0D708694F2428 /* TransactionActionParser.swift in Sources */ = {isa = PBXBuildFile; fileRef = D6B66D3835B38A181C51E5EC /* TransactionActionParser.swift */; };
		A10CA5667888B57B752D7E61 /* ENSResolver.swift in Sources */ = {isa = PBXBuildFile; fileRef = 385BA4DE46A2DC1BAFAF701C /* ENSResolver.swift */; };
		A1C2D3E4F5A6B7C8D9E0F101 /* ActivityView.swift in Sources */ = {isa = PBXBuildFile; fileRef = A1C2D3E4F5A6B7C8D9E0F102 /* ActivityView.swift */; };
		A8104E88B98A75EABF365E2E /* DAppSearchView.swift in Sources */ = {isa = PBXBuildFile; fileRef = 529F8316B88F47FCBF1C4946 /* DAppSearchView.swift */; };
		B02A17ECD6E3CABA70005A9C /* ConnectedSitesManager.swift in Sources */ = {isa = PBXBuildFile; fileRef = 6A1E1D7DEA6D544191B27E9B /* ConnectedSitesManager.swift */; };
		C0DBFD902184D937CA64ECC2 /* BalanceChangeView.swift in Sources */ = {isa = PBXBuildFile; fileRef = 946D694B34BCF0A408B77BC5 /* BalanceChangeView.swift */; };
		C61FAC55D5DE451B98F8548F /* ReserveGasView.swift in Sources */ = {isa = PBXBuildFile; fileRef = 50CFF74A1CA8EA527F25490E /* ReserveGasView.swift */; };
		CF689556EBAEAC8CD4B27F45 /* QRCodeScannerView.swift in Sources */ = {isa = PBXBuildFile; fileRef = B19FA43E34BEB7276E71A3A3 /* QRCodeScannerView.swift */; };
		D54067BF982E7088244865A5 /* SpeedUpCancelSheet.swift in Sources */ = {isa = PBXBuildFile; fileRef = A34382A7CDB04D4E2D358432 /* SpeedUpCancelSheet.swift */; };
		DC2AA7A24B0A5A84B4F4264A /* HapticManager.swift in Sources */ = {isa = PBXBuildFile; fileRef = C7671A1C072816B87197C7E6 /* HapticManager.swift */; };
		E69DFAC26BD9862369E4E6C9 /* ClearPendingView.swift in Sources */ = {isa = PBXBuildFile; fileRef = B191E558824385EB90F9E0D7 /* ClearPendingView.swift */; };
		EFA715026093F779780D24B3 /* LocalizationManager.swift in Sources */ = {isa = PBXBuildFile; fileRef = 9C4FAB8D81E6E734CB900BA4 /* LocalizationManager.swift */; };
		F20000000000000000000001 /* RabbyMobileApp.swift in Sources */ = {isa = PBXBuildFile; fileRef = F10000000000000000000001 /* RabbyMobileApp.swift */; };
		F20000000000000000000002 /* AutoLockManager.swift in Sources */ = {isa = PBXBuildFile; fileRef = F10000000000000000000002 /* AutoLockManager.swift */; };
		F20000000000000000000003 /* BIP39.swift in Sources */ = {isa = PBXBuildFile; fileRef = F10000000000000000000003 /* BIP39.swift */; };
		F20000000000000000000004 /* BIP44.swift in Sources */ = {isa = PBXBuildFile; fileRef = F10000000000000000000004 /* BIP44.swift */; };
		F20000000000000000000005 /* BiometricAuthManager.swift in Sources */ = {isa = PBXBuildFile; fileRef = F10000000000000000000005 /* BiometricAuthManager.swift */; };
		F20000000000000000000006 /* BridgeManager.swift in Sources */ = {isa = PBXBuildFile; fileRef = F10000000000000000000006 /* BridgeManager.swift */; };
		F20000000000000000000007 /* ContactBookManager.swift in Sources */ = {isa = PBXBuildFile; fileRef = F10000000000000000000007 /* ContactBookManager.swift */; };
		F20000000000000000000008 /* RPCManager.swift in Sources */ = {isa = PBXBuildFile; fileRef = F10000000000000000000008 /* RPCManager.swift */; };
		F20000000000000000000009 /* CustomTestnetManager.swift in Sources */ = {isa = PBXBuildFile; fileRef = F10000000000000000000009 /* CustomTestnetManager.swift */; };
		F2000000000000000000000A /* EthereumUtils.swift in Sources */ = {isa = PBXBuildFile; fileRef = F1000000000000000000000A /* EthereumUtils.swift */; };
		F2000000000000000000000B /* GasAccountManager.swift in Sources */ = {isa = PBXBuildFile; fileRef = F1000000000000000000000B /* GasAccountManager.swift */; };
		F2000000000000000000000C /* BluetoothManager.swift in Sources */ = {isa = PBXBuildFile; fileRef = F1000000000000000000000C /* BluetoothManager.swift */; };
		F2000000000000000000000D /* LedgerKeyring.swift in Sources */ = {isa = PBXBuildFile; fileRef = F1000000000000000000000D /* LedgerKeyring.swift */; };
		F2000000000000000000000E /* KeyringManager.swift in Sources */ = {isa = PBXBuildFile; fileRef = F1000000000000000000000E /* KeyringManager.swift */; };
		F2000000000000000000000F /* LendingManager.swift in Sources */ = {isa = PBXBuildFile; fileRef = F1000000000000000000000F /* LendingManager.swift */; };
		F20000000000000000000010 /* NFTManager.swift in Sources */ = {isa = PBXBuildFile; fileRef = F10000000000000000000010 /* NFTManager.swift */; };
		F20000000000000000000011 /* NetworkManager.swift in Sources */ = {isa = PBXBuildFile; fileRef = F10000000000000000000011 /* NetworkManager.swift */; };
		F20000000000000000000012 /* NotificationManager.swift in Sources */ = {isa = PBXBuildFile; fileRef = F10000000000000000000012 /* NotificationManager.swift */; };
		F20000000000000000000013 /* OpenAPIService.swift in Sources */ = {isa = PBXBuildFile; fileRef = F10000000000000000000013 /* OpenAPIService.swift */; };
		F20000000000000000000014 /* PerpsManager.swift in Sources */ = {isa = PBXBuildFile; fileRef = F10000000000000000000014 /* PerpsManager.swift */; };
		F20000000000000000000015 /* PreferenceManager.swift in Sources */ = {isa = PBXBuildFile; fileRef = F10000000000000000000015 /* PreferenceManager.swift */; };
		F20000000000000000000016 /* RabbyPointsManager.swift in Sources */ = {isa = PBXBuildFile; fileRef = F10000000000000000000016 /* RabbyPointsManager.swift */; };
		F20000000000000000000017 /* SecurityEngineManager.swift in Sources */ = {isa = PBXBuildFile; fileRef = F10000000000000000000017 /* SecurityEngineManager.swift */; };
		F20000000000000000000018 /* SignHistoryManager.swift in Sources */ = {isa = PBXBuildFile; fileRef = F10000000000000000000018 /* SignHistoryManager.swift */; };
		F20000000000000000000019 /* StorageManager.swift in Sources */ = {isa = PBXBuildFile; fileRef = F10000000000000000000019 /* StorageManager.swift */; };
		F2000000000000000000001A /* SwapManager.swift in Sources */ = {isa = PBXBuildFile; fileRef = F1000000000000000000001A /* SwapManager.swift */; };
		F2000000000000000000001B /* SyncChainManager.swift in Sources */ = {isa = PBXBuildFile; fileRef = F1000000000000000000001B /* SyncChainManager.swift */; };
		F2000000000000000000001C /* TokenManager.swift in Sources */ = {isa = PBXBuildFile; fileRef = F1000000000000000000001C /* TokenManager.swift */; };
		F2000000000000000000001D /* TransactionBroadcastWatcherManager.swift in Sources */ = {isa = PBXBuildFile; fileRef = F1000000000000000000001D /* TransactionBroadcastWatcherManager.swift */; };
		F2000000000000000000001E /* TransactionHistoryManager.swift in Sources */ = {isa = PBXBuildFile; fileRef = F1000000000000000000001E /* TransactionHistoryManager.swift */; };
		F2000000000000000000001F /* TransactionManager.swift in Sources */ = {isa = PBXBuildFile; fileRef = F1000000000000000000001F /* TransactionManager.swift */; };
		F20000000000000000000020 /* TransactionWatcherManager.swift in Sources */ = {isa = PBXBuildFile; fileRef = F10000000000000000000020 /* TransactionWatcherManager.swift */; };
		F20000000000000000000021 /* WalletConnectManager.swift in Sources */ = {isa = PBXBuildFile; fileRef = F10000000000000000000021 /* WalletConnectManager.swift */; };
		F20000000000000000000022 /* WatchGnosisSessionKeyrings.swift in Sources */ = {isa = PBXBuildFile; fileRef = F10000000000000000000022 /* WatchGnosisSessionKeyrings.swift */; };
		F20000000000000000000023 /* WhitelistManager.swift in Sources */ = {isa = PBXBuildFile; fileRef = F10000000000000000000023 /* WhitelistManager.swift */; };
		F20000000000000000000024 /* Keccak256.swift in Sources */ = {isa = PBXBuildFile; fileRef = F10000000000000000000024 /* Keccak256.swift */; };
		F20000000000000000000025 /* RLPEncoder.swift in Sources */ = {isa = PBXBuildFile; fileRef = F10000000000000000000025 /* RLPEncoder.swift */; };
		F20000000000000000000026 /* Secp256k1Helper.swift in Sources */ = {isa = PBXBuildFile; fileRef = F10000000000000000000026 /* Secp256k1Helper.swift */; };
		F20000000000000000000027 /* ActivitiesView.swift in Sources */ = {isa = PBXBuildFile; fileRef = F10000000000000000000027 /* ActivitiesView.swift */; };
		F20000000000000000000028 /* AddressDetailView.swift in Sources */ = {isa = PBXBuildFile; fileRef = F10000000000000000000028 /* AddressDetailView.swift */; };
		F20000000000000000000029 /* TransactionApprovalView.swift in Sources */ = {isa = PBXBuildFile; fileRef = F10000000000000000000029 /* TransactionApprovalView.swift */; };
		F2000000000000000000002A /* AssetsView.swift in Sources */ = {isa = PBXBuildFile; fileRef = F1000000000000000000002A /* AssetsView.swift */; };
		F2000000000000000000002B /* BridgeView.swift in Sources */ = {isa = PBXBuildFile; fileRef = F1000000000000000000002B /* BridgeView.swift */; };
		F2000000000000000000002C /* DAppBrowserView.swift in Sources */ = {isa = PBXBuildFile; fileRef = F1000000000000000000002C /* DAppBrowserView.swift */; };
		F2000000000000000000002D /* LedgerConnectView.swift in Sources */ = {isa = PBXBuildFile; fileRef = F1000000000000000000002D /* LedgerConnectView.swift */; };
		F2000000000000000000002E /* TransactionHistoryView.swift in Sources */ = {isa = PBXBuildFile; fileRef = F1000000000000000000002E /* TransactionHistoryView.swift */; };
		F2000000000000000000002F /* HDManagerSwitchViews.swift in Sources */ = {isa = PBXBuildFile; fileRef = F1000000000000000000002F /* HDManagerSwitchViews.swift */; };
		F20000000000000000000030 /* ImportOptionsView.swift in Sources */ = {isa = PBXBuildFile; fileRef = F10000000000000000000030 /* ImportOptionsView.swift */; };
		F20000000000000000000031 /* ImportSuccessAddFromSeedView.swift in Sources */ = {isa = PBXBuildFile; fileRef = F10000000000000000000031 /* ImportSuccessAddFromSeedView.swift */; };
		F20000000000000000000032 /* SelectAddressView.swift in Sources */ = {isa = PBXBuildFile; fileRef = F10000000000000000000032 /* SelectAddressView.swift */; };
		F20000000000000000000033 /* GasAccountView.swift in Sources */ = {isa = PBXBuildFile; fileRef = F10000000000000000000033 /* GasAccountView.swift */; };
		F20000000000000000000034 /* LendingPerpsAdvancedView.swift in Sources */ = {isa = PBXBuildFile; fileRef = F10000000000000000000034 /* LendingPerpsAdvancedView.swift */; };
		F20000000000000000000035 /* MiscViews.swift in Sources */ = {isa = PBXBuildFile; fileRef = F10000000000000000000035 /* MiscViews.swift */; };
		F20000000000000000000036 /* NFTView.swift in Sources */ = {isa = PBXBuildFile; fileRef = F10000000000000000000036 /* NFTView.swift */; };
		F20000000000000000000037 /* RootView.swift in Sources */ = {isa = PBXBuildFile; fileRef = F10000000000000000000037 /* RootView.swift */; };
		F20000000000000000000038 /* SendTokenView.swift in Sources */ = {isa = PBXBuildFile; fileRef = F10000000000000000000038 /* SendTokenView.swift */; };
		F20000000000000000000039 /* GnosisQueueView.swift in Sources */ = {isa = PBXBuildFile; fileRef = F10000000000000000000039 /* GnosisQueueView.swift */; };
		F2000000000000000000003A /* SettingsView.swift in Sources */ = {isa = PBXBuildFile; fileRef = F1000000000000000000003A /* SettingsView.swift */; };
		F2000000000000000000003B /* WhitelistInputView.swift in Sources */ = {isa = PBXBuildFile; fileRef = F1000000000000000000003B /* WhitelistInputView.swift */; };
		F2000000000000000000003C /* SwapView.swift in Sources */ = {isa = PBXBuildFile; fileRef = F1000000000000000000003C /* SwapView.swift */; };
		F2000000000000000000003D /* CreateWalletView.swift in Sources */ = {isa = PBXBuildFile; fileRef = F1000000000000000000003D /* CreateWalletView.swift */; };
		F2000000000000000000003E /* ImportWalletView.swift in Sources */ = {isa = PBXBuildFile; fileRef = F1000000000000000000003E /* ImportWalletView.swift */; };
		F2000000000000000000003F /* TokenDetailView.swift in Sources */ = {isa = PBXBuildFile; fileRef = F1000000000000000000003F /* TokenDetailView.swift */; };
		F20000000000000000000040 /* BalanceCurveView.swift in Sources */ = {isa = PBXBuildFile; fileRef = F10000000000000000000040 /* BalanceCurveView.swift */; };
		F20000000000000000000041 /* ChainBalanceView.swift in Sources */ = {isa = PBXBuildFile; fileRef = F10000000000000000000041 /* ChainBalanceView.swift */; };
		F20000000000000000000042 /* NFTGalleryView.swift in Sources */ = {isa = PBXBuildFile; fileRef = F10000000000000000000042 /* NFTGalleryView.swift */; };
		F20000000000000000000043 /* NFTDetailView.swift in Sources */ = {isa = PBXBuildFile; fileRef = F10000000000000000000043 /* NFTDetailView.swift */; };
		F20000000000000000000044 /* ProtocolPositionView.swift in Sources */ = {isa = PBXBuildFile; fileRef = F10000000000000000000044 /* ProtocolPositionView.swift */; };
		F20000000000000000000045 /* AddCustomTokenView.swift in Sources */ = {isa = PBXBuildFile; fileRef = F10000000000000000000045 /* AddCustomTokenView.swift */; };
		F20000000000000000000046 /* GasPriceBarView.swift in Sources */ = {isa = PBXBuildFile; fileRef = F10000000000000000000046 /* GasPriceBarView.swift */; };
		F20000000000000000000060 /* CryptoIconProvider.swift in Sources */ = {isa = PBXBuildFile; fileRef = F10000000000000000000060 /* CryptoIconProvider.swift */; };
		F20000000000000000000061 /* ImageCacheManager.swift in Sources */ = {isa = PBXBuildFile; fileRef = F10000000000000000000061 /* ImageCacheManager.swift */; };
		F20000000000000000000062 /* CorrectnessVectorsTests.swift in Sources */ = {isa = PBXBuildFile; fileRef = F10000000000000000000062 /* CorrectnessVectorsTests.swift */; };
		F20000000000000000000065 /* FontManager.swift in Sources */ = {isa = PBXBuildFile; fileRef = F10000000000000000000065 /* FontManager.swift */; };
		F20000000000000000000070 /* DeepLinkRouter.swift in Sources */ = {isa = PBXBuildFile; fileRef = F10000000000000000000070 /* DeepLinkRouter.swift */; };
		F20000000000000000000072 /* locales in Resources */ = {isa = PBXBuildFile; fileRef = F10000000000000000000072 /* locales */; };
		F20000000000000000000080 /* ApprovalsView.swift in Sources */ = {isa = PBXBuildFile; fileRef = F10000000000000000000080 /* ApprovalsView.swift */; };
		F20000000000000000000081 /* WalletConnectSessionsView.swift in Sources */ = {isa = PBXBuildFile; fileRef = F10000000000000000000081 /* WalletConnectSessionsView.swift */; };
		F20000000000000000000098 /* WalletBackupService.swift in Sources */ = {isa = PBXBuildFile; fileRef = F10000000000000000000098 /* WalletBackupService.swift */; };
		F20000000000000000000099 /* ClipboardHelper.swift in Sources */ = {isa = PBXBuildFile; fileRef = F10000000000000000000099 /* ClipboardHelper.swift */; };
/* End PBXBuildFile section */

/* Begin PBXContainerItemProxy section */
		F70000000000000000000001 /* PBXContainerItemProxy */ = {
			isa = PBXContainerItemProxy;
			containerPortal = 83CBB9F71A601CBA00E9B192 /* Project object */;
			proxyType = 1;
			remoteGlobalIDString = 13B07F861A680F5B00A75B9A;
			remoteInfo = RabbyMobile;
		};
/* End PBXContainerItemProxy section */

/* Begin PBXFileReference section */
		03B6B010690DDDB82DC6E933 /* BridgeHistoryView.swift */ = {isa = PBXFileReference; includeInIndex = 1; lastKnownFileType = sourcecode.swift; path = BridgeHistoryView.swift; sourceTree = "<group>"; };
		0EDF6652BBD97E2C5097D8CC /* EcologyView.swift */ = {isa = PBXFileReference; includeInIndex = 1; lastKnownFileType = sourcecode.swift; path = EcologyView.swift; sourceTree = "<group>"; };
		13B07F961A680F5B00A75B9A /* RabbyMobile.app */ = {isa = PBXFileReference; explicitFileType = wrapper.application; includeInIndex = 0; path = RabbyMobile.app; sourceTree = BUILT_PRODUCTS_DIR; };
		13B07FB51A68108700A75B9A /* Images.xcassets */ = {isa = PBXFileReference; lastKnownFileType = folder.assetcatalog; path = Images.xcassets; sourceTree = "<group>"; };
		13B07FB61A68108700A75B9A /* Info.plist */ = {isa = PBXFileReference; fileEncoding = 4; lastKnownFileType = text.plist.xml; path = Info.plist; sourceTree = "<group>"; };
		17710BF6B338055C02F61396 /* Pods-RabbyMobile.release.xcconfig */ = {isa = PBXFileReference; includeInIndex = 1; lastKnownFileType = text.xcconfig; name = "Pods-RabbyMobile.release.xcconfig"; path = "Target Support Files/Pods-RabbyMobile/Pods-RabbyMobile.release.xcconfig"; sourceTree = "<group>"; };
		19702BA53F2034E546192291 /* AddressManagementView.swift */ = {isa = PBXFileReference; includeInIndex = 1; lastKnownFileType = sourcecode.swift; path = AddressManagementView.swift; sourceTree = "<group>"; };
		1970C4C0067B9D7CA46374D9 /* ConnectedSitesView.swift */ = {isa = PBXFileReference; includeInIndex = 1; lastKnownFileType = sourcecode.swift; path = ConnectedSitesView.swift; sourceTree = "<group>"; };
		235B95D1F3BD2D5A7BF163B4 /* TokenSelectorSheet.swift */ = {isa = PBXFileReference; includeInIndex = 1; lastKnownFileType = sourcecode.swift; path = TokenSelectorSheet.swift; sourceTree = "<group>"; };
		2978E58F6EC378FD4ED20708 /* ScamFilterView.swift */ = {isa = PBXFileReference; includeInIndex = 1; lastKnownFileType = sourcecode.swift; path = ScamFilterView.swift; sourceTree = "<group>"; };
		32D61890A118299E9593B837 /* TypedDataApprovalView.swift */ = {isa = PBXFileReference; includeInIndex = 1; lastKnownFileType = sourcecode.swift; path = TypedDataApprovalView.swift; sourceTree = "<group>"; };
		3588F27EF77F1DAA6EFCBCE2 /* DAppBookmarkManager.swift */ = {isa = PBXFileReference; includeInIndex = 1; lastKnownFileType = sourcecode.swift; path = DAppBookmarkManager.swift; sourceTree = "<group>"; };
		3648353DF31717EE0A3F2260 /* DAppConnectSheet.swift */ = {isa = PBXFileReference; includeInIndex = 1; lastKnownFileType = sourcecode.swift; path = DAppConnectSheet.swift; sourceTree = "<group>"; };
		385BA4DE46A2DC1BAFAF701C /* ENSResolver.swift */ = {isa = PBXFileReference; includeInIndex = 1; lastKnownFileType = sourcecode.swift; path = ENSResolver.swift; sourceTree = "<group>"; };
		396FE71FB73F7C8E545B6AA2 /* TokenChartView.swift */ = {isa = PBXFileReference; includeInIndex = 1; lastKnownFileType = sourcecode.swift; path = TokenChartView.swift; sourceTree = "<group>"; };
		4D91EF9A389E9CF9406C9BD7 /* NFTApprovalView.swift */ = {isa = PBXFileReference; includeInIndex = 1; lastKnownFileType = sourcecode.swift; path = NFTApprovalView.swift; sourceTree = "<group>"; };
		50CFF74A1CA8EA527F25490E /* ReserveGasView.swift */ = {isa = PBXFileReference; includeInIndex = 1; lastKnownFileType = sourcecode.swift; path = ReserveGasView.swift; sourceTree = "<group>"; };
		529F8316B88F47FCBF1C4946 /* DAppSearchView.swift */ = {isa = PBXFileReference; includeInIndex = 1; lastKnownFileType = sourcecode.swift; path = DAppSearchView.swift; sourceTree = "<group>"; };
		596CA16C2715FF6097B72FB8 /* SlippageSettingsSheet.swift */ = {isa = PBXFileReference; includeInIndex = 1; lastKnownFileType = sourcecode.swift; path = SlippageSettingsSheet.swift; sourceTree = "<group>"; };
		61297F01A3279C8E0377D6A6 /* TransactionDetailView.swift */ = {isa = PBXFileReference; includeInIndex = 1; lastKnownFileType = sourcecode.swift; path = TransactionDetailView.swift; sourceTree = "<group>"; };
		68CD69EB0CA5383F38087FDD /* SecurityRuleDrawer.swift */ = {isa = PBXFileReference; includeInIndex = 1; lastKnownFileType = sourcecode.swift; path = SecurityRuleDrawer.swift; sourceTree = "<group>"; };
		6A1E1D7DEA6D544191B27E9B /* ConnectedSitesManager.swift */ = {isa = PBXFileReference; includeInIndex = 1; lastKnownFileType = sourcecode.swift; path = ConnectedSitesManager.swift; sourceTree = "<group>"; };
		6F24FA29FB8D480C38DBB004 /* Pods_RabbyMobile.framework */ = {isa = PBXFileReference; explicitFileType = wrapper.framework; includeInIndex = 0; path = Pods_RabbyMobile.framework; sourceTree = BUILT_PRODUCTS_DIR; };
		6F63B8065B6623C55A30892E /* MessageApprovalView.swift */ = {isa = PBXFileReference; includeInIndex = 1; lastKnownFileType = sourcecode.swift; path = MessageApprovalView.swift; sourceTree = "<group>"; };
		81AB9BB72411601600AC10FF /* LaunchScreen.storyboard */ = {isa = PBXFileReference; fileEncoding = 4; lastKnownFileType = file.storyboard; path = LaunchScreen.storyboard; sourceTree = "<group>"; };
		946D694B34BCF0A408B77BC5 /* BalanceChangeView.swift */ = {isa = PBXFileReference; includeInIndex = 1; lastKnownFileType = sourcecode.swift; path = BalanceChangeView.swift; sourceTree = "<group>"; };
		9645533DAC086C85F4C5BC5C /* Pods-RabbyMobile.debug.xcconfig */ = {isa = PBXFileReference; includeInIndex = 1; lastKnownFileType = text.xcconfig; name = "Pods-RabbyMobile.debug.xcconfig"; path = "Target Support Files/Pods-RabbyMobile/Pods-RabbyMobile.debug.xcconfig"; sourceTree = "<group>"; };
		9C4FAB8D81E6E734CB900BA4 /* LocalizationManager.swift */ = {isa = PBXFileReference; includeInIndex = 1; lastKnownFileType = sourcecode.swift; path = LocalizationManager.swift; sourceTree = "<group>"; };
		A0296DA0FCFC32C21FE631DE /* LendingView.swift */ = {isa = PBXFileReference; includeInIndex = 1; lastKnownFileType = sourcecode.swift; path = LendingView.swift; sourceTree = "<group>"; };
		A1C2D3E4F5A6B7C8D9E0F102 /* ActivityView.swift */ = {isa = PBXFileReference; includeInIndex = 1; lastKnownFileType = sourcecode.swift; path = ActivityView.swift; sourceTree = "<group>"; };
		A34382A7CDB04D4E2D358432 /* SpeedUpCancelSheet.swift */ = {isa = PBXFileReference; includeInIndex = 1; lastKnownFileType = sourcecode.swift; path = SpeedUpCancelSheet.swift; sourceTree = "<group>"; };
		A426BD41290BC02F4B6B2FF1 /* SheetPresentationModifier.swift */ = {isa = PBXFileReference; includeInIndex = 1; lastKnownFileType = sourcecode.swift; path = SheetPresentationModifier.swift; sourceTree = "<group>"; };
		AA3DE8947F41334ADD07623D /* BridgeAggregatorSheet.swift */ = {isa = PBXFileReference; includeInIndex = 1; lastKnownFileType = sourcecode.swift; path = BridgeAggregatorSheet.swift; sourceTree = "<group>"; };
		ADB3F3CBB2655370D60FDA0B /* HardwareSigningView.swift */ = {isa = PBXFileReference; includeInIndex = 1; lastKnownFileType = sourcecode.swift; path = HardwareSigningView.swift; sourceTree = "<group>"; };
		B191E558824385EB90F9E0D7 /* ClearPendingView.swift */ = {isa = PBXFileReference; includeInIndex = 1; lastKnownFileType = sourcecode.swift; path = ClearPendingView.swift; sourceTree = "<group>"; };
		B19FA43E34BEB7276E71A3A3 /* QRCodeScannerView.swift */ = {isa = PBXFileReference; includeInIndex = 1; lastKnownFileType = sourcecode.swift; path = QRCodeScannerView.swift; sourceTree = "<group>"; };
		BD915B806609482FFB6F99B8 /* PlaceholderImages.swift */ = {isa = PBXFileReference; includeInIndex = 1; lastKnownFileType = sourcecode.swift; path = PlaceholderImages.swift; sourceTree = "<group>"; };
		BDA638F259176F2983DF97C5 /* DatabaseMigration.swift */ = {isa = PBXFileReference; includeInIndex = 1; lastKnownFileType = sourcecode.swift; path = DatabaseMigration.swift; sourceTree = "<group>"; };
		BE989102DA7F1C3BB2A06469 /* DatabaseManager.swift */ = {isa = PBXFileReference; includeInIndex = 1; lastKnownFileType = sourcecode.swift; path = DatabaseManager.swift; sourceTree = "<group>"; };
		C07ED30D31450668F4E561A6 /* ChainSelectorSheet.swift */ = {isa = PBXFileReference; includeInIndex = 1; lastKnownFileType = sourcecode.swift; path = ChainSelectorSheet.swift; sourceTree = "<group>"; };
		C2A7E26404CFD4AEB86313F6 /* PerpsPopups.swift */ = {isa = PBXFileReference; includeInIndex = 1; lastKnownFileType = sourcecode.swift; path = PerpsPopups.swift; sourceTree = "<group>"; };
		C7671A1C072816B87197C7E6 /* HapticManager.swift */ = {isa = PBXFileReference; includeInIndex = 1; lastKnownFileType = sourcecode.swift; path = HapticManager.swift; sourceTree = "<group>"; };
		D6B66D3835B38A181C51E5EC /* TransactionActionParser.swift */ = {isa = PBXFileReference; includeInIndex = 1; lastKnownFileType = sourcecode.swift; path = TransactionActionParser.swift; sourceTree = "<group>"; };
		ED297162215061F000B7C4FE /* JavaScriptCore.framework */ = {isa = PBXFileReference; lastKnownFileType = wrapper.framework; name = JavaScriptCore.framework; path = System/Library/Frameworks/JavaScriptCore.framework; sourceTree = SDKROOT; };
		F10000000000000000000001 /* RabbyMobileApp.swift */ = {isa = PBXFileReference; lastKnownFileType = sourcecode.swift; path = RabbyMobileApp.swift; sourceTree = "<group>"; };
		F10000000000000000000002 /* AutoLockManager.swift */ = {isa = PBXFileReference; lastKnownFileType = sourcecode.swift; path = AutoLockManager.swift; sourceTree = "<group>"; };
		F10000000000000000000003 /* BIP39.swift */ = {isa = PBXFileReference; lastKnownFileType = sourcecode.swift; path = BIP39.swift; sourceTree = "<group>"; };
		F10000000000000000000004 /* BIP44.swift */ = {isa = PBXFileReference; lastKnownFileType = sourcecode.swift; path = BIP44.swift; sourceTree = "<group>"; };
		F10000000000000000000005 /* BiometricAuthManager.swift */ = {isa = PBXFileReference; lastKnownFileType = sourcecode.swift; path = BiometricAuthManager.swift; sourceTree = "<group>"; };
		F10000000000000000000006 /* BridgeManager.swift */ = {isa = PBXFileReference; lastKnownFileType = sourcecode.swift; path = BridgeManager.swift; sourceTree = "<group>"; };
		F10000000000000000000007 /* ContactBookManager.swift */ = {isa = PBXFileReference; lastKnownFileType = sourcecode.swift; path = ContactBookManager.swift; sourceTree = "<group>"; };
		F10000000000000000000008 /* RPCManager.swift */ = {isa = PBXFileReference; lastKnownFileType = sourcecode.swift; path = RPCManager.swift; sourceTree = "<group>"; };
		F10000000000000000000009 /* CustomTestnetManager.swift */ = {isa = PBXFileReference; lastKnownFileType = sourcecode.swift; path = CustomTestnetManager.swift; sourceTree = "<group>"; };
		F1000000000000000000000A /* EthereumUtils.swift */ = {isa = PBXFileReference; lastKnownFileType = sourcecode.swift; path = EthereumUtils.swift; sourceTree = "<group>"; };
		F1000000000000000000000B /* GasAccountManager.swift */ = {isa = PBXFileReference; lastKnownFileType = sourcecode.swift; path = GasAccountManager.swift; sourceTree = "<group>"; };
		F1000000000000000000000C /* BluetoothManager.swift */ = {isa = PBXFileReference; lastKnownFileType = sourcecode.swift; path = BluetoothManager.swift; sourceTree = "<group>"; };
		F1000000000000000000000D /* LedgerKeyring.swift */ = {isa = PBXFileReference; lastKnownFileType = sourcecode.swift; path = LedgerKeyring.swift; sourceTree = "<group>"; };
		F1000000000000000000000E /* KeyringManager.swift */ = {isa = PBXFileReference; lastKnownFileType = sourcecode.swift; path = KeyringManager.swift; sourceTree = "<group>"; };
		F1000000000000000000000F /* LendingManager.swift */ = {isa = PBXFileReference; lastKnownFileType = sourcecode.swift; path = LendingManager.swift; sourceTree = "<group>"; };
		F10000000000000000000010 /* NFTManager.swift */ = {isa = PBXFileReference; lastKnownFileType = sourcecode.swift; path = NFTManager.swift; sourceTree = "<group>"; };
		F10000000000000000000011 /* NetworkManager.swift */ = {isa = PBXFileReference; lastKnownFileType = sourcecode.swift; path = NetworkManager.swift; sourceTree = "<group>"; };
		F10000000000000000000012 /* NotificationManager.swift */ = {isa = PBXFileReference; lastKnownFileType = sourcecode.swift; path = NotificationManager.swift; sourceTree = "<group>"; };
		F10000000000000000000013 /* OpenAPIService.swift */ = {isa = PBXFileReference; lastKnownFileType = sourcecode.swift; path = OpenAPIService.swift; sourceTree = "<group>"; };
		F10000000000000000000014 /* PerpsManager.swift */ = {isa = PBXFileReference; lastKnownFileType = sourcecode.swift; path = PerpsManager.swift; sourceTree = "<group>"; };
		F10000000000000000000015 /* PreferenceManager.swift */ = {isa = PBXFileReference; lastKnownFileType = sourcecode.swift; path = PreferenceManager.swift; sourceTree = "<group>"; };
		F10000000000000000000016 /* RabbyPointsManager.swift */ = {isa = PBXFileReference; lastKnownFileType = sourcecode.swift; path = RabbyPointsManager.swift; sourceTree = "<group>"; };
		F10000000000000000000017 /* SecurityEngineManager.swift */ = {isa = PBXFileReference; lastKnownFileType = sourcecode.swift; path = SecurityEngineManager.swift; sourceTree = "<group>"; };
		F10000000000000000000018 /* SignHistoryManager.swift */ = {isa = PBXFileReference; lastKnownFileType = sourcecode.swift; path = SignHistoryManager.swift; sourceTree = "<group>"; };
		F10000000000000000000019 /* StorageManager.swift */ = {isa = PBXFileReference; lastKnownFileType = sourcecode.swift; path = StorageManager.swift; sourceTree = "<group>"; };
		F1000000000000000000001A /* SwapManager.swift */ = {isa = PBXFileReference; lastKnownFileType = sourcecode.swift; path = SwapManager.swift; sourceTree = "<group>"; };
		F1000000000000000000001B /* SyncChainManager.swift */ = {isa = PBXFileReference; lastKnownFileType = sourcecode.swift; path = SyncChainManager.swift; sourceTree = "<group>"; };
		F1000000000000000000001C /* TokenManager.swift */ = {isa = PBXFileReference; lastKnownFileType = sourcecode.swift; path = TokenManager.swift; sourceTree = "<group>"; };
		F1000000000000000000001D /* TransactionBroadcastWatcherManager.swift */ = {isa = PBXFileReference; lastKnownFileType = sourcecode.swift; path = TransactionBroadcastWatcherManager.swift; sourceTree = "<group>"; };
		F1000000000000000000001E /* TransactionHistoryManager.swift */ = {isa = PBXFileReference; lastKnownFileType = sourcecode.swift; path = TransactionHistoryManager.swift; sourceTree = "<group>"; };
		F1000000000000000000001F /* TransactionManager.swift */ = {isa = PBXFileReference; lastKnownFileType = sourcecode.swift; path = TransactionManager.swift; sourceTree = "<group>"; };
		F10000000000000000000020 /* TransactionWatcherManager.swift */ = {isa = PBXFileReference; lastKnownFileType = sourcecode.swift; path = TransactionWatcherManager.swift; sourceTree = "<group>"; };
		F10000000000000000000021 /* WalletConnectManager.swift */ = {isa = PBXFileReference; lastKnownFileType = sourcecode.swift; path = WalletConnectManager.swift; sourceTree = "<group>"; };
		F10000000000000000000022 /* WatchGnosisSessionKeyrings.swift */ = {isa = PBXFileReference; lastKnownFileType = sourcecode.swift; path = WatchGnosisSessionKeyrings.swift; sourceTree = "<group>"; };
		F10000000000000000000023 /* WhitelistManager.swift */ = {isa = PBXFileReference; lastKnownFileType = sourcecode.swift; path = WhitelistManager.swift; sourceTree = "<group>"; };
		F10000000000000000000024 /* Keccak256.swift */ = {isa = PBXFileReference; lastKnownFileType = sourcecode.swift; path = Keccak256.swift; sourceTree = "<group>"; };
		F10000000000000000000025 /* RLPEncoder.swift */ = {isa = PBXFileReference; lastKnownFileType = sourcecode.swift; path = RLPEncoder.swift; sourceTree = "<group>"; };
		F10000000000000000000026 /* Secp256k1Helper.swift */ = {isa = PBXFileReference; lastKnownFileType = sourcecode.swift; path = Secp256k1Helper.swift; sourceTree = "<group>"; };
		F10000000000000000000027 /* ActivitiesView.swift */ = {isa = PBXFileReference; lastKnownFileType = sourcecode.swift; path = ActivitiesView.swift; sourceTree = "<group>"; };
		F10000000000000000000028 /* AddressDetailView.swift */ = {isa = PBXFileReference; lastKnownFileType = sourcecode.swift; path = AddressDetailView.swift; sourceTree = "<group>"; };
		F10000000000000000000029 /* TransactionApprovalView.swift */ = {isa = PBXFileReference; lastKnownFileType = sourcecode.swift; path = TransactionApprovalView.swift; sourceTree = "<group>"; };
		F1000000000000000000002A /* AssetsView.swift */ = {isa = PBXFileReference; lastKnownFileType = sourcecode.swift; path = AssetsView.swift; sourceTree = "<group>"; };
		F1000000000000000000002B /* BridgeView.swift */ = {isa = PBXFileReference; lastKnownFileType = sourcecode.swift; path = BridgeView.swift; sourceTree = "<group>"; };
		F1000000000000000000002C /* DAppBrowserView.swift */ = {isa = PBXFileReference; lastKnownFileType = sourcecode.swift; path = DAppBrowserView.swift; sourceTree = "<group>"; };
		F1000000000000000000002D /* LedgerConnectView.swift */ = {isa = PBXFileReference; lastKnownFileType = sourcecode.swift; path = LedgerConnectView.swift; sourceTree = "<group>"; };
		F1000000000000000000002E /* TransactionHistoryView.swift */ = {isa = PBXFileReference; lastKnownFileType = sourcecode.swift; path = TransactionHistoryView.swift; sourceTree = "<group>"; };
		F1000000000000000000002F /* HDManagerSwitchViews.swift */ = {isa = PBXFileReference; lastKnownFileType = sourcecode.swift; path = HDManagerSwitchViews.swift; sourceTree = "<group>"; };
		F10000000000000000000030 /* ImportOptionsView.swift */ = {isa = PBXFileReference; lastKnownFileType = sourcecode.swift; path = ImportOptionsView.swift; sourceTree = "<group>"; };
		F10000000000000000000031 /* ImportSuccessAddFromSeedView.swift */ = {isa = PBXFileReference; lastKnownFileType = sourcecode.swift; path = ImportSuccessAddFromSeedView.swift; sourceTree = "<group>"; };
		F10000000000000000000032 /* SelectAddressView.swift */ = {isa = PBXFileReference; lastKnownFileType = sourcecode.swift; path = SelectAddressView.swift; sourceTree = "<group>"; };
		F10000000000000000000033 /* GasAccountView.swift */ = {isa = PBXFileReference; lastKnownFileType = sourcecode.swift; path = GasAccountView.swift; sourceTree = "<group>"; };
		F10000000000000000000034 /* LendingPerpsAdvancedView.swift */ = {isa = PBXFileReference; lastKnownFileType = sourcecode.swift; path = LendingPerpsAdvancedView.swift; sourceTree = "<group>"; };
		F10000000000000000000035 /* MiscViews.swift */ = {isa = PBXFileReference; lastKnownFileType = sourcecode.swift; path = MiscViews.swift; sourceTree = "<group>"; };
		F10000000000000000000036 /* NFTView.swift */ = {isa = PBXFileReference; lastKnownFileType = sourcecode.swift; path = NFTView.swift; sourceTree = "<group>"; };
		F10000000000000000000037 /* RootView.swift */ = {isa = PBXFileReference; lastKnownFileType = sourcecode.swift; path = RootView.swift; sourceTree = "<group>"; };
		F10000000000000000000038 /* SendTokenView.swift */ = {isa = PBXFileReference; lastKnownFileType = sourcecode.swift; path = SendTokenView.swift; sourceTree = "<group>"; };
		F10000000000000000000039 /* GnosisQueueView.swift */ = {isa = PBXFileReference; lastKnownFileType = sourcecode.swift; path = GnosisQueueView.swift; sourceTree = "<group>"; };
		F1000000000000000000003A /* SettingsView.swift */ = {isa = PBXFileReference; lastKnownFileType = sourcecode.swift; path = SettingsView.swift; sourceTree = "<group>"; };
		F1000000000000000000003B /* WhitelistInputView.swift */ = {isa = PBXFileReference; lastKnownFileType = sourcecode.swift; path = WhitelistInputView.swift; sourceTree = "<group>"; };
		F1000000000000000000003C /* SwapView.swift */ = {isa = PBXFileReference; lastKnownFileType = sourcecode.swift; path = SwapView.swift; sourceTree = "<group>"; };
		F1000000000000000000003D /* CreateWalletView.swift */ = {isa = PBXFileReference; lastKnownFileType = sourcecode.swift; path = CreateWalletView.swift; sourceTree = "<group>"; };
		F1000000000000000000003E /* ImportWalletView.swift */ = {isa = PBXFileReference; lastKnownFileType = sourcecode.swift; path = ImportWalletView.swift; sourceTree = "<group>"; };
		F1000000000000000000003F /* TokenDetailView.swift */ = {isa = PBXFileReference; lastKnownFileType = sourcecode.swift; path = TokenDetailView.swift; sourceTree = "<group>"; };
		F10000000000000000000040 /* BalanceCurveView.swift */ = {isa = PBXFileReference; lastKnownFileType = sourcecode.swift; path = BalanceCurveView.swift; sourceTree = "<group>"; };
		F10000000000000000000041 /* ChainBalanceView.swift */ = {isa = PBXFileReference; lastKnownFileType = sourcecode.swift; path = ChainBalanceView.swift; sourceTree = "<group>"; };
		F10000000000000000000042 /* NFTGalleryView.swift */ = {isa = PBXFileReference; lastKnownFileType = sourcecode.swift; path = NFTGalleryView.swift; sourceTree = "<group>"; };
		F10000000000000000000043 /* NFTDetailView.swift */ = {isa = PBXFileReference; lastKnownFileType = sourcecode.swift; path = NFTDetailView.swift; sourceTree = "<group>"; };
		F10000000000000000000044 /* ProtocolPositionView.swift */ = {isa = PBXFileReference; lastKnownFileType = sourcecode.swift; path = ProtocolPositionView.swift; sourceTree = "<group>"; };
		F10000000000000000000045 /* AddCustomTokenView.swift */ = {isa = PBXFileReference; lastKnownFileType = sourcecode.swift; path = AddCustomTokenView.swift; sourceTree = "<group>"; };
		F10000000000000000000046 /* GasPriceBarView.swift */ = {isa = PBXFileReference; lastKnownFileType = sourcecode.swift; path = GasPriceBarView.swift; sourceTree = "<group>"; };
		F10000000000000000000060 /* CryptoIconProvider.swift */ = {isa = PBXFileReference; lastKnownFileType = sourcecode.swift; path = CryptoIconProvider.swift; sourceTree = "<group>"; };
		F10000000000000000000061 /* ImageCacheManager.swift */ = {isa = PBXFileReference; lastKnownFileType = sourcecode.swift; path = ImageCacheManager.swift; sourceTree = "<group>"; };
		F10000000000000000000062 /* CorrectnessVectorsTests.swift */ = {isa = PBXFileReference; lastKnownFileType = sourcecode.swift; path = CorrectnessVectorsTests.swift; sourceTree = "<group>"; };
		F10000000000000000000063 /* Info.plist */ = {isa = PBXFileReference; fileEncoding = 4; lastKnownFileType = text.plist.xml; path = Info.plist; sourceTree = "<group>"; };
		F10000000000000000000064 /* RabbyMobileTests.xctest */ = {isa = PBXFileReference; explicitFileType = wrapper.cfbundle; includeInIndex = 0; path = RabbyMobileTests.xctest; sourceTree = BUILT_PRODUCTS_DIR; };
		F10000000000000000000065 /* FontManager.swift */ = {isa = PBXFileReference; lastKnownFileType = sourcecode.swift; path = FontManager.swift; sourceTree = "<group>"; };
		F10000000000000000000070 /* DeepLinkRouter.swift */ = {isa = PBXFileReference; lastKnownFileType = sourcecode.swift; path = DeepLinkRouter.swift; sourceTree = "<group>"; };
		F10000000000000000000071 /* RabbyMobile.entitlements */ = {isa = PBXFileReference; lastKnownFileType = text.plist.entitlements; path = RabbyMobile.entitlements; sourceTree = "<group>"; };
		F10000000000000000000072 /* locales */ = {isa = PBXFileReference; lastKnownFileType = folder; path = locales; sourceTree = "<group>"; };
		F10000000000000000000080 /* ApprovalsView.swift */ = {isa = PBXFileReference; lastKnownFileType = sourcecode.swift; path = ApprovalsView.swift; sourceTree = "<group>"; };
		F10000000000000000000081 /* WalletConnectSessionsView.swift */ = {isa = PBXFileReference; lastKnownFileType = sourcecode.swift; path = WalletConnectSessionsView.swift; sourceTree = "<group>"; };
		F10000000000000000000098 /* WalletBackupService.swift */ = {isa = PBXFileReference; lastKnownFileType = sourcecode.swift; path = WalletBackupService.swift; sourceTree = "<group>"; };
		F10000000000000000000099 /* ClipboardHelper.swift */ = {isa = PBXFileReference; lastKnownFileType = sourcecode.swift; path = ClipboardHelper.swift; sourceTree = "<group>"; };
/* End PBXFileReference section */

/* Begin PBXFrameworksBuildPhase section */
		13B07F8C1A680F5B00A75B9A /* Frameworks */ = {
			isa = PBXFrameworksBuildPhase;
			buildActionMask = 2147483647;
			files = (
				50BC59999D82DE613E791002 /* Pods_RabbyMobile.framework in Frameworks */,
			);
			runOnlyForDeploymentPostprocessing = 0;
		};
		F50000000000000000000003 /* Frameworks */ = {
			isa = PBXFrameworksBuildPhase;
			buildActionMask = 2147483647;
			files = (
			);
			runOnlyForDeploymentPostprocessing = 0;
		};
/* End PBXFrameworksBuildPhase section */

/* Begin PBXGroup section */
		13B07FAE1A68108700A75B9A /* RabbyMobile */ = {
			isa = PBXGroup;
			children = (
				F10000000000000000000001 /* RabbyMobileApp.swift */,
				F30000000000000000000001 /* Core */,
				F30000000000000000000003 /* Utils */,
				F30000000000000000000004 /* Views */,
				F10000000000000000000072 /* locales */,
				13B07FB51A68108700A75B9A /* Images.xcassets */,
				13B07FB61A68108700A75B9A /* Info.plist */,
				F10000000000000000000071 /* RabbyMobile.entitlements */,
				81AB9BB72411601600AC10FF /* LaunchScreen.storyboard */,
			);
			path = RabbyMobile;
			sourceTree = "<group>";
		};
		2D16E6871FA4F8E400B85C8A /* Frameworks */ = {
			isa = PBXGroup;
			children = (
				ED297162215061F000B7C4FE /* JavaScriptCore.framework */,
				6F24FA29FB8D480C38DBB004 /* Pods_RabbyMobile.framework */,
			);
			name = Frameworks;
			sourceTree = "<group>";
		};
		3EB0E2FE20F1B18F8381082D /* Scanner */ = {
			isa = PBXGroup;
			children = (
				B19FA43E34BEB7276E71A3A3 /* QRCodeScannerView.swift */,
			);
			path = Scanner;
			sourceTree = "<group>";
		};
		58EC2CF0DC0D590DF3350B11 /* Perps */ = {
			isa = PBXGroup;
			children = (
				C2A7E26404CFD4AEB86313F6 /* PerpsPopups.swift */,
			);
			path = Perps;
			sourceTree = "<group>";
		};
		68F8BF1A5014A497F345DCFC /* Pods */ = {
			isa = PBXGroup;
			children = (
				9645533DAC086C85F4C5BC5C /* Pods-RabbyMobile.debug.xcconfig */,
				17710BF6B338055C02F61396 /* Pods-RabbyMobile.release.xcconfig */,
			);
			path = Pods;
			sourceTree = "<group>";
		};
		832341AE1AAA6A7D00B99B32 /* Libraries */ = {
			isa = PBXGroup;
			children = (
			);
			name = Libraries;
			sourceTree = "<group>";
		};
		83CBB9F61A601CBA00E9B192 = {
			isa = PBXGroup;
			children = (
				13B07FAE1A68108700A75B9A /* RabbyMobile */,
				F30000000000000000000014 /* RabbyMobileTests */,
				832341AE1AAA6A7D00B99B32 /* Libraries */,
				83CBBA001A601CBA00E9B192 /* Products */,
				2D16E6871FA4F8E400B85C8A /* Frameworks */,
				68F8BF1A5014A497F345DCFC /* Pods */,
			);
			indentWidth = 2;
			sourceTree = "<group>";
			tabWidth = 2;
			usesTabs = 0;
		};
		83CBBA001A601CBA00E9B192 /* Products */ = {
			isa = PBXGroup;
			children = (
				13B07F961A680F5B00A75B9A /* RabbyMobile.app */,
				F10000000000000000000064 /* RabbyMobileTests.xctest */,
			);
			name = Products;
			sourceTree = "<group>";
		};
		A4CD47DF8243F91C20C37E49 /* Common */ = {
			isa = PBXGroup;
			children = (
				C07ED30D31450668F4E561A6 /* ChainSelectorSheet.swift */,
				A1C2D3E4F5A6B7C8D9E0F102 /* ActivityView.swift */,
			);
			path = Common;
			sourceTree = "<group>";
		};
		AC5F74A96A81241FFF3F0467 /* Lending */ = {
			isa = PBXGroup;
			children = (
				A0296DA0FCFC32C21FE631DE /* LendingView.swift */,
			);
			path = Lending;
			sourceTree = "<group>";
		};
		DE9E08E2E221C44B4B02E1DB /* Ecology */ = {
			isa = PBXGroup;
			children = (
				0EDF6652BBD97E2C5097D8CC /* EcologyView.swift */,
			);
			path = Ecology;
			sourceTree = "<group>";
		};
		F30000000000000000000001 /* Core */ = {
			isa = PBXGroup;
			children = (
				F10000000000000000000002 /* AutoLockManager.swift */,
				F10000000000000000000003 /* BIP39.swift */,
				F10000000000000000000004 /* BIP44.swift */,
				F10000000000000000000005 /* BiometricAuthManager.swift */,
				F10000000000000000000006 /* BridgeManager.swift */,
				F10000000000000000000007 /* ContactBookManager.swift */,
				F10000000000000000000008 /* RPCManager.swift */,
				F10000000000000000000009 /* CustomTestnetManager.swift */,
				F10000000000000000000070 /* DeepLinkRouter.swift */,
				F1000000000000000000000A /* EthereumUtils.swift */,
				F1000000000000000000000B /* GasAccountManager.swift */,
				F30000000000000000000002 /* HardwareWallet */,
				F1000000000000000000000E /* KeyringManager.swift */,
				F1000000000000000000000F /* LendingManager.swift */,
				F10000000000000000000010 /* NFTManager.swift */,
				F10000000000000000000011 /* NetworkManager.swift */,
				F10000000000000000000012 /* NotificationManager.swift */,
				F10000000000000000000013 /* OpenAPIService.swift */,
				F10000000000000000000014 /* PerpsManager.swift */,
				F10000000000000000000015 /* PreferenceManager.swift */,
				F10000000000000000000016 /* RabbyPointsManager.swift */,
				F10000000000000000000017 /* SecurityEngineManager.swift */,
				F10000000000000000000018 /* SignHistoryManager.swift */,
				F10000000000000000000019 /* StorageManager.swift */,
				F1000000000000000000001A /* SwapManager.swift */,
				F1000000000000000000001B /* SyncChainManager.swift */,
				F1000000000000000000001C /* TokenManager.swift */,
				F1000000000000000000001D /* TransactionBroadcastWatcherManager.swift */,
				F1000000000000000000001E /* TransactionHistoryManager.swift */,
				F1000000000000000000001F /* TransactionManager.swift */,
				F10000000000000000000098 /* WalletBackupService.swift */,
				F10000000000000000000020 /* TransactionWatcherManager.swift */,
				F10000000000000000000021 /* WalletConnectManager.swift */,
				F10000000000000000000022 /* WatchGnosisSessionKeyrings.swift */,
				F10000000000000000000023 /* WhitelistManager.swift */,
				6A1E1D7DEA6D544191B27E9B /* ConnectedSitesManager.swift */,
				3588F27EF77F1DAA6EFCBCE2 /* DAppBookmarkManager.swift */,
				385BA4DE46A2DC1BAFAF701C /* ENSResolver.swift */,
				D6B66D3835B38A181C51E5EC /* TransactionActionParser.swift */,
				9C4FAB8D81E6E734CB900BA4 /* LocalizationManager.swift */,
				BE989102DA7F1C3BB2A06469 /* DatabaseManager.swift */,
				BDA638F259176F2983DF97C5 /* DatabaseMigration.swift */,
			);
			path = Core;
			sourceTree = "<group>";
		};
		F30000000000000000000002 /* HardwareWallet */ = {
			isa = PBXGroup;
			children = (
				F1000000000000000000000C /* BluetoothManager.swift */,
				F1000000000000000000000D /* LedgerKeyring.swift */,
			);
			path = HardwareWallet;
			sourceTree = "<group>";
		};
		F30000000000000000000003 /* Utils */ = {
			isa = PBXGroup;
			children = (
				F10000000000000000000024 /* Keccak256.swift */,
				F10000000000000000000025 /* RLPEncoder.swift */,
				F10000000000000000000026 /* Secp256k1Helper.swift */,
				F10000000000000000000099 /* ClipboardHelper.swift */,
				F10000000000000000000060 /* CryptoIconProvider.swift */,
				F10000000000000000000065 /* FontManager.swift */,
				F10000000000000000000061 /* ImageCacheManager.swift */,
				C7671A1C072816B87197C7E6 /* HapticManager.swift */,
				BD915B806609482FFB6F99B8 /* PlaceholderImages.swift */,
				A426BD41290BC02F4B6B2FF1 /* SheetPresentationModifier.swift */,
			);
			path = Utils;
			sourceTree = "<group>";
		};
		F30000000000000000000004 /* Views */ = {
			isa = PBXGroup;
			children = (
				F10000000000000000000037 /* RootView.swift */,
				F30000000000000000000005 /* Activities */,
				F30000000000000000000006 /* AddressDetail */,
				F30000000000000000000007 /* Approval */,
				F30000000000000000000008 /* Assets */,
				F30000000000000000000009 /* Bridge */,
				F3000000000000000000000A /* DAppBrowser */,
				F3000000000000000000000B /* HardwareWallet */,
				F3000000000000000000000C /* History */,
				F3000000000000000000000D /* Import */,
				F3000000000000000000000E /* More */,
				F3000000000000000000000F /* NFT */,
				F30000000000000000000010 /* Send */,
				F30000000000000000000011 /* Settings */,
				F30000000000000000000012 /* Swap */,
				F30000000000000000000013 /* Wallet */,
				A4CD47DF8243F91C20C37E49 /* Common */,
				DE9E08E2E221C44B4B02E1DB /* Ecology */,
				AC5F74A96A81241FFF3F0467 /* Lending */,
				58EC2CF0DC0D590DF3350B11 /* Perps */,
				3EB0E2FE20F1B18F8381082D /* Scanner */,
			);
			path = Views;
			sourceTree = "<group>";
		};
		F30000000000000000000005 /* Activities */ = {
			isa = PBXGroup;
			children = (
				F10000000000000000000027 /* ActivitiesView.swift */,
			);
			path = Activities;
			sourceTree = "<group>";
		};
		F30000000000000000000006 /* AddressDetail */ = {
			isa = PBXGroup;
			children = (
				F10000000000000000000028 /* AddressDetailView.swift */,
			);
			path = AddressDetail;
			sourceTree = "<group>";
		};
		F30000000000000000000007 /* Approval */ = {
			isa = PBXGroup;
			children = (
				F10000000000000000000029 /* TransactionApprovalView.swift */,
				946D694B34BCF0A408B77BC5 /* BalanceChangeView.swift */,
				ADB3F3CBB2655370D60FDA0B /* HardwareSigningView.swift */,
				6F63B8065B6623C55A30892E /* MessageApprovalView.swift */,
				4D91EF9A389E9CF9406C9BD7 /* NFTApprovalView.swift */,
				68CD69EB0CA5383F38087FDD /* SecurityRuleDrawer.swift */,
				32D61890A118299E9593B837 /* TypedDataApprovalView.swift */,
			);
			path = Approval;
			sourceTree = "<group>";
		};
		F30000000000000000000008 /* Assets */ = {
			isa = PBXGroup;
			children = (
				F1000000000000000000002A /* AssetsView.swift */,
				F1000000000000000000003F /* TokenDetailView.swift */,
				F10000000000000000000040 /* BalanceCurveView.swift */,
				F10000000000000000000041 /* ChainBalanceView.swift */,
				F10000000000000000000042 /* NFTGalleryView.swift */,
				F10000000000000000000043 /* NFTDetailView.swift */,
				F10000000000000000000044 /* ProtocolPositionView.swift */,
				F10000000000000000000045 /* AddCustomTokenView.swift */,
				F10000000000000000000046 /* GasPriceBarView.swift */,
				396FE71FB73F7C8E545B6AA2 /* TokenChartView.swift */,
				F10000000000000000000080 /* ApprovalsView.swift */,
				F10000000000000000000081 /* WalletConnectSessionsView.swift */,
			);
			path = Assets;
			sourceTree = "<group>";
		};
		F30000000000000000000009 /* Bridge */ = {
			isa = PBXGroup;
			children = (
				F1000000000000000000002B /* BridgeView.swift */,
				AA3DE8947F41334ADD07623D /* BridgeAggregatorSheet.swift */,
				03B6B010690DDDB82DC6E933 /* BridgeHistoryView.swift */,
			);
			path = Bridge;
			sourceTree = "<group>";
		};
		F3000000000000000000000A /* DAppBrowser */ = {
			isa = PBXGroup;
			children = (
				F1000000000000000000002C /* DAppBrowserView.swift */,
				3648353DF31717EE0A3F2260 /* DAppConnectSheet.swift */,
				529F8316B88F47FCBF1C4946 /* DAppSearchView.swift */,
			);
			path = DAppBrowser;
			sourceTree = "<group>";
		};
		F3000000000000000000000B /* HardwareWallet */ = {
			isa = PBXGroup;
			children = (
				F1000000000000000000002D /* LedgerConnectView.swift */,
			);
			path = HardwareWallet;
			sourceTree = "<group>";
		};
		F3000000000000000000000C /* History */ = {
			isa = PBXGroup;
			children = (
				F1000000000000000000002E /* TransactionHistoryView.swift */,
				2978E58F6EC378FD4ED20708 /* ScamFilterView.swift */,
				A34382A7CDB04D4E2D358432 /* SpeedUpCancelSheet.swift */,
				61297F01A3279C8E0377D6A6 /* TransactionDetailView.swift */,
			);
			path = History;
			sourceTree = "<group>";
		};
		F3000000000000000000000D /* Import */ = {
			isa = PBXGroup;
			children = (
				F1000000000000000000002F /* HDManagerSwitchViews.swift */,
				F10000000000000000000030 /* ImportOptionsView.swift */,
				F10000000000000000000031 /* ImportSuccessAddFromSeedView.swift */,
				F10000000000000000000032 /* SelectAddressView.swift */,
			);
			path = Import;
			sourceTree = "<group>";
		};
		F3000000000000000000000E /* More */ = {
			isa = PBXGroup;
			children = (
				F10000000000000000000033 /* GasAccountView.swift */,
				F10000000000000000000034 /* LendingPerpsAdvancedView.swift */,
				F10000000000000000000035 /* MiscViews.swift */,
			);
			path = More;
			sourceTree = "<group>";
		};
		F3000000000000000000000F /* NFT */ = {
			isa = PBXGroup;
			children = (
				F10000000000000000000036 /* NFTView.swift */,
			);
			path = NFT;
			sourceTree = "<group>";
		};
		F30000000000000000000010 /* Send */ = {
			isa = PBXGroup;
			children = (
				F10000000000000000000038 /* SendTokenView.swift */,
				50CFF74A1CA8EA527F25490E /* ReserveGasView.swift */,
			);
			path = Send;
			sourceTree = "<group>";
		};
		F30000000000000000000011 /* Settings */ = {
			isa = PBXGroup;
			children = (
				F10000000000000000000039 /* GnosisQueueView.swift */,
				F1000000000000000000003A /* SettingsView.swift */,
				F1000000000000000000003B /* WhitelistInputView.swift */,
				19702BA53F2034E546192291 /* AddressManagementView.swift */,
				B191E558824385EB90F9E0D7 /* ClearPendingView.swift */,
				1970C4C0067B9D7CA46374D9 /* ConnectedSitesView.swift */,
			);
			path = Settings;
			sourceTree = "<group>";
		};
		F30000000000000000000012 /* Swap */ = {
			isa = PBXGroup;
			children = (
				F1000000000000000000003C /* SwapView.swift */,
				596CA16C2715FF6097B72FB8 /* SlippageSettingsSheet.swift */,
				235B95D1F3BD2D5A7BF163B4 /* TokenSelectorSheet.swift */,
			);
			path = Swap;
			sourceTree = "<group>";
		};
		F30000000000000000000013 /* Wallet */ = {
			isa = PBXGroup;
			children = (
				F1000000000000000000003D /* CreateWalletView.swift */,
				F1000000000000000000003E /* ImportWalletView.swift */,
			);
			path = Wallet;
			sourceTree = "<group>";
		};
		F30000000000000000000014 /* RabbyMobileTests */ = {
			isa = PBXGroup;
			children = (
				F10000000000000000000062 /* CorrectnessVectorsTests.swift */,
				F10000000000000000000063 /* Info.plist */,
			);
			path = RabbyMobileTests;
			sourceTree = "<group>";
		};
/* End PBXGroup section */

/* Begin PBXNativeTarget section */
		13B07F861A680F5B00A75B9A /* RabbyMobile */ = {
			isa = PBXNativeTarget;
			buildConfigurationList = 13B07F931A680F5B00A75B9A /* Build configuration list for PBXNativeTarget "RabbyMobile" */;
			buildPhases = (
				26D75898B388B7A1008389FF /* [CP] Check Pods Manifest.lock */,
				13B07F871A680F5B00A75B9A /* Sources */,
				13B07F8C1A680F5B00A75B9A /* Frameworks */,
				13B07F8E1A680F5B00A75B9A /* Resources */,
				BD0EB20B34FBA7AC0E9EDC47 /* [CP] Embed Pods Frameworks */,
			);
			buildRules = (
			);
			dependencies = (
			);
			name = RabbyMobile;
			productName = RabbyMobile;
			productReference = 13B07F961A680F5B00A75B9A /* RabbyMobile.app */;
			productType = "com.apple.product-type.application";
		};
		F50000000000000000000001 /* RabbyMobileTests */ = {
			isa = PBXNativeTarget;
			buildConfigurationList = F60000000000000000000003 /* Build configuration list for PBXNativeTarget "RabbyMobileTests" */;
			buildPhases = (
				F50000000000000000000002 /* Sources */,
				F50000000000000000000003 /* Frameworks */,
				F50000000000000000000004 /* Resources */,
			);
			buildRules = (
			);
			dependencies = (
				F70000000000000000000002 /* PBXTargetDependency */,
			);
			name = RabbyMobileTests;
			productName = RabbyMobileTests;
			productReference = F10000000000000000000064 /* RabbyMobileTests.xctest */;
			productType = "com.apple.product-type.bundle.unit-test";
		};
/* End PBXNativeTarget section */

/* Begin PBXProject section */
		83CBB9F71A601CBA00E9B192 /* Project object */ = {
			isa = PBXProject;
			attributes = {
				BuildIndependentTargetsInParallel = YES;
				LastUpgradeCheck = 2630;
				TargetAttributes = {
					13B07F861A680F5B00A75B9A = {
						LastSwiftMigration = 1120;
					};
					F50000000000000000000001 = {
						LastSwiftMigration = 1120;
					};
				};
			};
			buildConfigurationList = 83CBB9FA1A601CBA00E9B192 /* Build configuration list for PBXProject "RabbyMobile" */;
			compatibilityVersion = "Xcode 12.0";
			developmentRegion = en;
			hasScannedForEncodings = 0;
			knownRegions = (
				en,
				Base,
			);
			mainGroup = 83CBB9F61A601CBA00E9B192;
			productRefGroup = 83CBBA001A601CBA00E9B192 /* Products */;
			projectDirPath = "";
			projectRoot = "";
			targets = (
				13B07F861A680F5B00A75B9A /* RabbyMobile */,
				F50000000000000000000001 /* RabbyMobileTests */,
			);
		};
/* End PBXProject section */

/* Begin PBXResourcesBuildPhase section */
		13B07F8E1A680F5B00A75B9A /* Resources */ = {
			isa = PBXResourcesBuildPhase;
			buildActionMask = 2147483647;
			files = (
				81AB9BB82411601600AC10FF /* LaunchScreen.storyboard in Resources */,
				13B07FBF1A68108700A75B9A /* Images.xcassets in Resources */,
				F20000000000000000000072 /* locales in Resources */,
			);
			runOnlyForDeploymentPostprocessing = 0;
		};
		F50000000000000000000004 /* Resources */ = {
			isa = PBXResourcesBuildPhase;
			buildActionMask = 2147483647;
			files = (
			);
			runOnlyForDeploymentPostprocessing = 0;
		};
/* End PBXResourcesBuildPhase section */

/* Begin PBXShellScriptBuildPhase section */
		26D75898B388B7A1008389FF /* [CP] Check Pods Manifest.lock */ = {
			isa = PBXShellScriptBuildPhase;
			buildActionMask = 2147483647;
			files = (
			);
			inputFileListPaths = (
			);
			inputPaths = (
				"${PODS_PODFILE_DIR_PATH}/Podfile.lock",
				"${PODS_ROOT}/Manifest.lock",
			);
			name = "[CP] Check Pods Manifest.lock";
			outputFileListPaths = (
			);
			outputPaths = (
				"$(DERIVED_FILE_DIR)/Pods-RabbyMobile-checkManifestLockResult.txt",
			);
			runOnlyForDeploymentPostprocessing = 0;
			shellPath = /bin/sh;
			shellScript = "diff \"${PODS_PODFILE_DIR_PATH}/Podfile.lock\" \"${PODS_ROOT}/Manifest.lock\" > /dev/null\nif [ $? != 0 ] ; then\n    # print error to STDERR\n    echo \"error: The sandbox is not in sync with the Podfile.lock. Run 'pod install' or update your CocoaPods installation.\" >&2\n    exit 1\nfi\n# This output is used by Xcode 'outputs' to avoid re-running this script phase.\necho \"SUCCESS\" > \"${SCRIPT_OUTPUT_FILE_0}\"\n";
			showEnvVarsInLog = 0;
		};
		BD0EB20B34FBA7AC0E9EDC47 /* [CP] Embed Pods Frameworks */ = {
			isa = PBXShellScriptBuildPhase;
			buildActionMask = 2147483647;
			files = (
			);
			inputFileListPaths = (
				"${PODS_ROOT}/Target Support Files/Pods-RabbyMobile/Pods-RabbyMobile-frameworks-${CONFIGURATION}-input-files.xcfilelist",
			);
			name = "[CP] Embed Pods Frameworks";
			outputFileListPaths = (
				"${PODS_ROOT}/Target Support Files/Pods-RabbyMobile/Pods-RabbyMobile-frameworks-${CONFIGURATION}-output-files.xcfilelist",
			);
			runOnlyForDeploymentPostprocessing = 0;
			shellPath = /bin/sh;
			shellScript = "\"${PODS_ROOT}/Target Support Files/Pods-RabbyMobile/Pods-RabbyMobile-frameworks.sh\"\n";
			showEnvVarsInLog = 0;
		};
/* End PBXShellScriptBuildPhase section */

/* Begin PBXSourcesBuildPhase section */
		13B07F871A680F5B00A75B9A /* Sources */ = {
			isa = PBXSourcesBuildPhase;
			buildActionMask = 2147483647;
			files = (
				F20000000000000000000001 /* RabbyMobileApp.swift in Sources */,
				F20000000000000000000002 /* AutoLockManager.swift in Sources */,
				F20000000000000000000003 /* BIP39.swift in Sources */,
				F20000000000000000000004 /* BIP44.swift in Sources */,
				F20000000000000000000005 /* BiometricAuthManager.swift in Sources */,
				F20000000000000000000006 /* BridgeManager.swift in Sources */,
				F20000000000000000000007 /* ContactBookManager.swift in Sources */,
				F20000000000000000000008 /* RPCManager.swift in Sources */,
				F20000000000000000000009 /* CustomTestnetManager.swift in Sources */,
				F2000000000000000000000A /* EthereumUtils.swift in Sources */,
				F2000000000000000000000B /* GasAccountManager.swift in Sources */,
				F2000000000000000000000C /* BluetoothManager.swift in Sources */,
				F2000000000000000000000D /* LedgerKeyring.swift in Sources */,
				F2000000000000000000000E /* KeyringManager.swift in Sources */,
				F2000000000000000000000F /* LendingManager.swift in Sources */,
				F20000000000000000000010 /* NFTManager.swift in Sources */,
				F20000000000000000000011 /* NetworkManager.swift in Sources */,
				F20000000000000000000012 /* NotificationManager.swift in Sources */,
				F20000000000000000000013 /* OpenAPIService.swift in Sources */,
				F20000000000000000000014 /* PerpsManager.swift in Sources */,
				F20000000000000000000015 /* PreferenceManager.swift in Sources */,
				F20000000000000000000016 /* RabbyPointsManager.swift in Sources */,
				F20000000000000000000017 /* SecurityEngineManager.swift in Sources */,
				F20000000000000000000018 /* SignHistoryManager.swift in Sources */,
				F20000000000000000000019 /* StorageManager.swift in Sources */,
				F2000000000000000000001A /* SwapManager.swift in Sources */,
				F2000000000000000000001B /* SyncChainManager.swift in Sources */,
				F2000000000000000000001C /* TokenManager.swift in Sources */,
				F2000000000000000000001D /* TransactionBroadcastWatcherManager.swift in Sources */,
				F2000000000000000000001E /* TransactionHistoryManager.swift in Sources */,
				F2000000000000000000001F /* TransactionManager.swift in Sources */,
				F20000000000000000000098 /* WalletBackupService.swift in Sources */,
				F20000000000000000000020 /* TransactionWatcherManager.swift in Sources */,
				F20000000000000000000021 /* WalletConnectManager.swift in Sources */,
				F20000000000000000000022 /* WatchGnosisSessionKeyrings.swift in Sources */,
				F20000000000000000000023 /* WhitelistManager.swift in Sources */,
				F20000000000000000000024 /* Keccak256.swift in Sources */,
				F20000000000000000000025 /* RLPEncoder.swift in Sources */,
				F20000000000000000000026 /* Secp256k1Helper.swift in Sources */,
				F20000000000000000000099 /* ClipboardHelper.swift in Sources */,
				F20000000000000000000060 /* CryptoIconProvider.swift in Sources */,
				F20000000000000000000061 /* ImageCacheManager.swift in Sources */,
				F20000000000000000000065 /* FontManager.swift in Sources */,
				F20000000000000000000027 /* ActivitiesView.swift in Sources */,
				F20000000000000000000028 /* AddressDetailView.swift in Sources */,
				F20000000000000000000029 /* TransactionApprovalView.swift in Sources */,
				F2000000000000000000002A /* AssetsView.swift in Sources */,
				F2000000000000000000002B /* BridgeView.swift in Sources */,
				F2000000000000000000002C /* DAppBrowserView.swift in Sources */,
				F2000000000000000000002D /* LedgerConnectView.swift in Sources */,
				F2000000000000000000002E /* TransactionHistoryView.swift in Sources */,
				F2000000000000000000002F /* HDManagerSwitchViews.swift in Sources */,
				F20000000000000000000030 /* ImportOptionsView.swift in Sources */,
				F20000000000000000000031 /* ImportSuccessAddFromSeedView.swift in Sources */,
				F20000000000000000000032 /* SelectAddressView.swift in Sources */,
				F20000000000000000000033 /* GasAccountView.swift in Sources */,
				F20000000000000000000034 /* LendingPerpsAdvancedView.swift in Sources */,
				F20000000000000000000035 /* MiscViews.swift in Sources */,
				F20000000000000000000036 /* NFTView.swift in Sources */,
				F20000000000000000000037 /* RootView.swift in Sources */,
				F20000000000000000000038 /* SendTokenView.swift in Sources */,
				F20000000000000000000039 /* GnosisQueueView.swift in Sources */,
				F2000000000000000000003A /* SettingsView.swift in Sources */,
				F2000000000000000000003B /* WhitelistInputView.swift in Sources */,
				F2000000000000000000003C /* SwapView.swift in Sources */,
				F2000000000000000000003D /* CreateWalletView.swift in Sources */,
				F2000000000000000000003E /* ImportWalletView.swift in Sources */,
				F2000000000000000000003F /* TokenDetailView.swift in Sources */,
				F20000000000000000000040 /* BalanceCurveView.swift in Sources */,
				F20000000000000000000041 /* ChainBalanceView.swift in Sources */,
				F20000000000000000000042 /* NFTGalleryView.swift in Sources */,
				F20000000000000000000043 /* NFTDetailView.swift in Sources */,
				F20000000000000000000044 /* ProtocolPositionView.swift in Sources */,
				F20000000000000000000045 /* AddCustomTokenView.swift in Sources */,
				F20000000000000000000046 /* GasPriceBarView.swift in Sources */,
				F20000000000000000000070 /* DeepLinkRouter.swift in Sources */,
				B02A17ECD6E3CABA70005A9C /* ConnectedSitesManager.swift in Sources */,
				63D4E70A5B7A53A728F7D6A3 /* DAppBookmarkManager.swift in Sources */,
				A10CA5667888B57B752D7E61 /* ENSResolver.swift in Sources */,
				9C301312DAF0D708694F2428 /* TransactionActionParser.swift in Sources */,
				DC2AA7A24B0A5A84B4F4264A /* HapticManager.swift in Sources */,
				3BDF2D7039542D32F45893B5 /* PlaceholderImages.swift in Sources */,
				C0DBFD902184D937CA64ECC2 /* BalanceChangeView.swift in Sources */,
				97096D40E6FDDFC4644DFDFB /* HardwareSigningView.swift in Sources */,
				36BC35FF15DE2AF53684AFE0 /* MessageApprovalView.swift in Sources */,
				5568CD494DAB4C4E1DE6C33C /* NFTApprovalView.swift in Sources */,
				5F50998734BA705940505816 /* SecurityRuleDrawer.swift in Sources */,
				9A37BF14687AC8F8BBB3E3BA /* TypedDataApprovalView.swift in Sources */,
				59806CA9EF17DEA83FAF09D9 /* TokenChartView.swift in Sources */,
				60E3DDBF5E4F5B707CDFB362 /* BridgeAggregatorSheet.swift in Sources */,
				2D6E91772AB9E71AED9AF437 /* BridgeHistoryView.swift in Sources */,
				69A277A481DF89785827A4F5 /* ChainSelectorSheet.swift in Sources */,
				A1C2D3E4F5A6B7C8D9E0F101 /* ActivityView.swift in Sources */,
				8B8313DCC81EAD64F83AD7F5 /* DAppConnectSheet.swift in Sources */,
				A8104E88B98A75EABF365E2E /* DAppSearchView.swift in Sources */,
				8B519D466ED4B94785CE3AE8 /* EcologyView.swift in Sources */,
				283C430B5F05663C823BE1E6 /* ScamFilterView.swift in Sources */,
				D54067BF982E7088244865A5 /* SpeedUpCancelSheet.swift in Sources */,
				90CC3F199B9408A5EE0B056F /* TransactionDetailView.swift in Sources */,
				4AB6461DD4018949E4F006C6 /* LendingView.swift in Sources */,
				2D537A6099D14291E6C8F1DA /* PerpsPopups.swift in Sources */,
				CF689556EBAEAC8CD4B27F45 /* QRCodeScannerView.swift in Sources */,
				C61FAC55D5DE451B98F8548F /* ReserveGasView.swift in Sources */,
				0211E50265F2C5B046357731 /* AddressManagementView.swift in Sources */,
				E69DFAC26BD9862369E4E6C9 /* ClearPendingView.swift in Sources */,
				494881E4E62C2A9CFA5CB469 /* ConnectedSitesView.swift in Sources */,
				449559CC7C28F65665C2C215 /* SlippageSettingsSheet.swift in Sources */,
				643E2FFF1C6F35533099D66E /* TokenSelectorSheet.swift in Sources */,
				976A797B9D01C4208E43EBA2 /* SheetPresentationModifier.swift in Sources */,
				EFA715026093F779780D24B3 /* LocalizationManager.swift in Sources */,
				33E9245247D2A1F84CEE9B61 /* DatabaseManager.swift in Sources */,
				02C10D5505165C5B67A4128F /* DatabaseMigration.swift in Sources */,
				F20000000000000000000080 /* ApprovalsView.swift in Sources */,
				F20000000000000000000081 /* WalletConnectSessionsView.swift in Sources */,
			);
			runOnlyForDeploymentPostprocessing = 0;
		};
		F50000000000000000000002 /* Sources */ = {
			isa = PBXSourcesBuildPhase;
			buildActionMask = 2147483647;
			files = (
				F20000000000000000000062 /* CorrectnessVectorsTests.swift in Sources */,
			);
			runOnlyForDeploymentPostprocessing = 0;
		};
/* End PBXSourcesBuildPhase section */

/* Begin PBXTargetDependency section */
		F70000000000000000000002 /* PBXTargetDependency */ = {
			isa = PBXTargetDependency;
			target = 13B07F861A680F5B00A75B9A /* RabbyMobile */;
			targetProxy = F70000000000000000000001 /* PBXContainerItemProxy */;
		};
/* End PBXTargetDependency section */

/* Begin XCBuildConfiguration section */
		13B07F941A680F5B00A75B9A /* Debug */ = {
			isa = XCBuildConfiguration;
			baseConfigurationReference = 9645533DAC086C85F4C5BC5C /* Pods-RabbyMobile.debug.xcconfig */;
			buildSettings = {
				ASSETCATALOG_COMPILER_APPICON_NAME = AppIcon;
				CLANG_ENABLE_MODULES = YES;
				CODE_SIGN_ENTITLEMENTS = RabbyMobile/RabbyMobile.entitlements;
				CODE_SIGN_IDENTITY = "Apple Development";
				CODE_SIGN_STYLE = Automatic;
				CURRENT_PROJECT_VERSION = 1;
				DEVELOPMENT_TEAM = 4X7QYL9K9S;
				ENABLE_BITCODE = NO;
				INFOPLIST_FILE = RabbyMobile/Info.plist;
				IPHONEOS_DEPLOYMENT_TARGET = 15.0;
				LD_RUNPATH_SEARCH_PATHS = (
					"$(inherited)",
					"@executable_path/Frameworks",
				);
				MARKETING_VERSION = 1.0;
				OTHER_LDFLAGS = (
					"$(inherited)",
					"-ObjC",
					"-lc++",
					"-Xlinker",
					"-w",
				);
				PRODUCT_BUNDLE_IDENTIFIER = com.bocail.pay;
				PRODUCT_NAME = RabbyMobile;
				SWIFT_OPTIMIZATION_LEVEL = "-Onone";
				SWIFT_VERSION = 5.0;
				VERSIONING_SYSTEM = "apple-generic";
			};
			name = Debug;
		};
		13B07F951A680F5B00A75B9A /* Release */ = {
			isa = XCBuildConfiguration;
			baseConfigurationReference = 17710BF6B338055C02F61396 /* Pods-RabbyMobile.release.xcconfig */;
			buildSettings = {
				ASSETCATALOG_COMPILER_APPICON_NAME = AppIcon;
				CLANG_ENABLE_MODULES = YES;
				CODE_SIGN_ENTITLEMENTS = RabbyMobile/RabbyMobile.entitlements;
				CODE_SIGN_IDENTITY = "Apple Development";
				CODE_SIGN_STYLE = Automatic;
				CURRENT_PROJECT_VERSION = 1;
				DEVELOPMENT_TEAM = 4X7QYL9K9S;
				ENABLE_BITCODE = NO;
				INFOPLIST_FILE = RabbyMobile/Info.plist;
				IPHONEOS_DEPLOYMENT_TARGET = 15.0;
				LD_RUNPATH_SEARCH_PATHS = (
					"$(inherited)",
					"@executable_path/Frameworks",
				);
				MARKETING_VERSION = 1.0;
				OTHER_LDFLAGS = (
					"$(inherited)",
					"-ObjC",
					"-lc++",
					"-Xlinker",
					"-w",
				);
				PRODUCT_BUNDLE_IDENTIFIER = com.bocail.pay;
				PRODUCT_NAME = RabbyMobile;
				SWIFT_VERSION = 5.0;
				VERSIONING_SYSTEM = "apple-generic";
			};
			name = Release;
		};
		83CBBA201A601CBA00E9B192 /* Debug */ = {
			isa = XCBuildConfiguration;
			buildSettings = {
				ALWAYS_SEARCH_USER_PATHS = NO;
				CLANG_ANALYZER_LOCALIZABILITY_NONLOCALIZED = YES;
				CLANG_CXX_LANGUAGE_STANDARD = "c++20";
				CLANG_CXX_LIBRARY = "libc++";
				CLANG_ENABLE_MODULES = YES;
				CLANG_ENABLE_OBJC_ARC = YES;
				CLANG_WARN_BLOCK_CAPTURE_AUTORELEASING = YES;
				CLANG_WARN_BOOL_CONVERSION = YES;
				CLANG_WARN_COMMA = YES;
				CLANG_WARN_CONSTANT_CONVERSION = YES;
				CLANG_WARN_DEPRECATED_OBJC_IMPLEMENTATIONS = YES;
				CLANG_WARN_DIRECT_OBJC_ISA_USAGE = YES_ERROR;
				CLANG_WARN_EMPTY_BODY = YES;
				CLANG_WARN_ENUM_CONVERSION = YES;
				CLANG_WARN_INFINITE_RECURSION = YES;
				CLANG_WARN_INT_CONVERSION = YES;
				CLANG_WARN_NON_LITERAL_NULL_CONVERSION = YES;
				CLANG_WARN_OBJC_IMPLICIT_RETAIN_SELF = YES;
				CLANG_WARN_OBJC_LITERAL_CONVERSION = YES;
				CLANG_WARN_OBJC_ROOT_CLASS = YES_ERROR;
				CLANG_WARN_QUOTED_INCLUDE_IN_FRAMEWORK_HEADER = YES;
				CLANG_WARN_RANGE_LOOP_ANALYSIS = YES;
				CLANG_WARN_STRICT_PROTOTYPES = YES;
				CLANG_WARN_SUSPICIOUS_MOVE = YES;
				CLANG_WARN_UNREACHABLE_CODE = YES;
				CLANG_WARN__DUPLICATE_METHOD_MATCH = YES;
				"CODE_SIGN_IDENTITY[sdk=iphoneos*]" = "iPhone Developer";
				COPY_PHASE_STRIP = NO;
				ENABLE_STRICT_OBJC_MSGSEND = YES;
				ENABLE_TESTABILITY = YES;
				ENABLE_USER_SCRIPT_SANDBOXING = NO;
				"EXCLUDED_ARCHS[sdk=iphonesimulator*]" = "";
				GCC_C_LANGUAGE_STANDARD = gnu99;
				GCC_DYNAMIC_NO_PIC = NO;
				GCC_NO_COMMON_BLOCKS = YES;
				GCC_OPTIMIZATION_LEVEL = 0;
				GCC_PREPROCESSOR_DEFINITIONS = (
					"DEBUG=1",
					"$(inherited)",
				);
				GCC_SYMBOLS_PRIVATE_EXTERN = NO;
				GCC_WARN_64_TO_32_BIT_CONVERSION = YES;
				GCC_WARN_ABOUT_RETURN_TYPE = YES_ERROR;
				GCC_WARN_UNDECLARED_SELECTOR = YES;
				GCC_WARN_UNINITIALIZED_AUTOS = YES_AGGRESSIVE;
				GCC_WARN_UNUSED_FUNCTION = YES;
				GCC_WARN_UNUSED_VARIABLE = YES;
				IPHONEOS_DEPLOYMENT_TARGET = 15.0;
				LD_RUNPATH_SEARCH_PATHS = (
					/usr/lib/swift,
					"$(inherited)",
				);
				LIBRARY_SEARCH_PATHS = (
					"\"$(SDKROOT)/usr/lib/swift\"",
					"\"$(inherited)\"",
				);
				MTL_ENABLE_DEBUG_INFO = YES;
				ONLY_ACTIVE_ARCH = YES;
				OTHER_CPLUSPLUSFLAGS = (
					"$(OTHER_CFLAGS)",
					"-DFOLLY_NO_CONFIG",
					"-DFOLLY_MOBILE=1",
					"-DFOLLY_USE_LIBCPP=1",
					"-DFOLLY_CFG_NO_COROUTINES=1",
					"-DFOLLY_HAVE_CLOCK_GETTIME=1",
				);
				SDKROOT = iphoneos;
				STRING_CATALOG_GENERATE_SYMBOLS = YES;
			};
			name = Debug;
		};
		83CBBA211A601CBA00E9B192 /* Release */ = {
			isa = XCBuildConfiguration;
			buildSettings = {
				ALWAYS_SEARCH_USER_PATHS = NO;
				CLANG_ANALYZER_LOCALIZABILITY_NONLOCALIZED = YES;
				CLANG_CXX_LANGUAGE_STANDARD = "c++20";
				CLANG_CXX_LIBRARY = "libc++";
				CLANG_ENABLE_MODULES = YES;
				CLANG_ENABLE_OBJC_ARC = YES;
				CLANG_WARN_BLOCK_CAPTURE_AUTORELEASING = YES;
				CLANG_WARN_BOOL_CONVERSION = YES;
				CLANG_WARN_COMMA = YES;
				CLANG_WARN_CONSTANT_CONVERSION = YES;
				CLANG_WARN_DEPRECATED_OBJC_IMPLEMENTATIONS = YES;
				CLANG_WARN_DIRECT_OBJC_ISA_USAGE = YES_ERROR;
				CLANG_WARN_EMPTY_BODY = YES;
				CLANG_WARN_ENUM_CONVERSION = YES;
				CLANG_WARN_INFINITE_RECURSION = YES;
				CLANG_WARN_INT_CONVERSION = YES;
				CLANG_WARN_NON_LITERAL_NULL_CONVERSION = YES;
				CLANG_WARN_OBJC_IMPLICIT_RETAIN_SELF = YES;
				CLANG_WARN_OBJC_LITERAL_CONVERSION = YES;
				CLANG_WARN_OBJC_ROOT_CLASS = YES_ERROR;
				CLANG_WARN_QUOTED_INCLUDE_IN_FRAMEWORK_HEADER = YES;
				CLANG_WARN_RANGE_LOOP_ANALYSIS = YES;
				CLANG_WARN_STRICT_PROTOTYPES = YES;
				CLANG_WARN_SUSPICIOUS_MOVE = YES;
				CLANG_WARN_UNREACHABLE_CODE = YES;
				CLANG_WARN__DUPLICATE_METHOD_MATCH = YES;
				"CODE_SIGN_IDENTITY[sdk=iphoneos*]" = "iPhone Developer";
				COPY_PHASE_STRIP = YES;
				ENABLE_NS_ASSERTIONS = NO;
				ENABLE_STRICT_OBJC_MSGSEND = YES;
				ENABLE_USER_SCRIPT_SANDBOXING = NO;
				"EXCLUDED_ARCHS[sdk=iphonesimulator*]" = "";
				GCC_C_LANGUAGE_STANDARD = gnu99;
				GCC_NO_COMMON_BLOCKS = YES;
				GCC_WARN_64_TO_32_BIT_CONVERSION = YES;
				GCC_WARN_ABOUT_RETURN_TYPE = YES_ERROR;
				GCC_WARN_UNDECLARED_SELECTOR = YES;
				GCC_WARN_UNINITIALIZED_AUTOS = YES_AGGRESSIVE;
				GCC_WARN_UNUSED_FUNCTION = YES;
				GCC_WARN_UNUSED_VARIABLE = YES;
				IPHONEOS_DEPLOYMENT_TARGET = 15.0;
				LD_RUNPATH_SEARCH_PATHS = (
					/usr/lib/swift,
					"$(inherited)",
				);
				LIBRARY_SEARCH_PATHS = (
					"\"$(SDKROOT)/usr/lib/swift\"",
					"\"$(inherited)\"",
				);
				MTL_ENABLE_DEBUG_INFO = NO;
				OTHER_CPLUSPLUSFLAGS = (
					"$(OTHER_CFLAGS)",
					"-DFOLLY_NO_CONFIG",
					"-DFOLLY_MOBILE=1",
					"-DFOLLY_USE_LIBCPP=1",
					"-DFOLLY_CFG_NO_COROUTINES=1",
					"-DFOLLY_HAVE_CLOCK_GETTIME=1",
				);
				SDKROOT = iphoneos;
				STRING_CATALOG_GENERATE_SYMBOLS = YES;
				SWIFT_COMPILATION_MODE = wholemodule;
				VALIDATE_PRODUCT = YES;
			};
			name = Release;
		};
		F60000000000000000000001 /* Debug */ = {
			isa = XCBuildConfiguration;
			buildSettings = {
				BUNDLE_LOADER = "$(TEST_HOST)";
				CLANG_ENABLE_MODULES = YES;
				INFOPLIST_FILE = RabbyMobileTests/Info.plist;
				IPHONEOS_DEPLOYMENT_TARGET = 15.0;
				LD_RUNPATH_SEARCH_PATHS = (
					"$(inherited)",
					"@executable_path/Frameworks",
					"@loader_path/Frameworks",
				);
				PRODUCT_BUNDLE_IDENTIFIER = com.bocail.payTests;
				PRODUCT_NAME = "$(TARGET_NAME)";
				SWIFT_OPTIMIZATION_LEVEL = "-Onone";
				SWIFT_VERSION = 5.0;
				TEST_HOST = "$(BUILT_PRODUCTS_DIR)/RabbyMobile.app/RabbyMobile";
			};
			name = Debug;
		};
		F60000000000000000000002 /* Release */ = {
			isa = XCBuildConfiguration;
			buildSettings = {
				BUNDLE_LOADER = "$(TEST_HOST)";
				CLANG_ENABLE_MODULES = YES;
				INFOPLIST_FILE = RabbyMobileTests/Info.plist;
				IPHONEOS_DEPLOYMENT_TARGET = 15.0;
				LD_RUNPATH_SEARCH_PATHS = (
					"$(inherited)",
					"@executable_path/Frameworks",
					"@loader_path/Frameworks",
				);
				PRODUCT_BUNDLE_IDENTIFIER = com.bocail.payTests;
				PRODUCT_NAME = "$(TARGET_NAME)";
				SWIFT_VERSION = 5.0;
				TEST_HOST = "$(BUILT_PRODUCTS_DIR)/RabbyMobile.app/RabbyMobile";
			};
			name = Release;
		};
/* End XCBuildConfiguration section */

/* Begin XCConfigurationList section */
		13B07F931A680F5B00A75B9A /* Build configuration list for PBXNativeTarget "RabbyMobile" */ = {
			isa = XCConfigurationList;
			buildConfigurations = (
				13B07F941A680F5B00A75B9A /* Debug */,
				13B07F951A680F5B00A75B9A /* Release */,
			);
			defaultConfigurationIsVisible = 0;
			defaultConfigurationName = Release;
		};
		83CBB9FA1A601CBA00E9B192 /* Build configuration list for PBXProject "RabbyMobile" */ = {
			isa = XCConfigurationList;
			buildConfigurations = (
				83CBBA201A601CBA00E9B192 /* Debug */,
				83CBBA211A601CBA00E9B192 /* Release */,
			);
			defaultConfigurationIsVisible = 0;
			defaultConfigurationName = Release;
		};
		F60000000000000000000003 /* Build configuration list for PBXNativeTarget "RabbyMobileTests" */ = {
			isa = XCConfigurationList;
			buildConfigurations = (
				F60000000000000000000001 /* Debug */,
				F60000000000000000000002 /* Release */,
			);
			defaultConfigurationIsVisible = 0;
			defaultConfigurationName = Release;
		};
/* End XCConfigurationList section */
	};
	rootObject = 83CBB9F71A601CBA00E9B192 /* Project object */;
}
